
Microsoft Visual Studio Solution File, Format Version 12.00
# Visual Studio Version 16
VisualStudioVersion = 16.0.30503.244
MinimumVisualStudioVersion = 10.0.40219.1
Project("{9A19103F-16F7-4668-BE54-9A1E7A4F7556}") = "Intro", "Intro\Intro.csproj", "{90211868-BE00-4ECA-9AB9-8B7033CABCED}"
EndProject
Project("{9A19103F-16F7-4668-BE54-9A1E7A4F7556}") = "Variabler", "Variabler\Variabler.csproj", "{52F20FEB-4963-43A8-8808-C2A00CC92CD1}"
EndProject
Project("{9A19103F-16F7-4668-BE54-9A1E7A4F7556}") = "TypeKonv", "TypeKonv\TypeKonv.csproj", "{81EDB4DA-EFB6-4EED-BAF7-4A3CED7E5A19}"
EndProject
Project("{9A19103F-16F7-4668-BE54-9A1E7A4F7556}") = "Tekst", "Tekst\Tekst.csproj", "{0DA8EB78-2E34-4A81-A41C-2C7E9FEF63FF}"
EndProject
Project("{9A19103F-16F7-4668-BE54-9A1E7A4F7556}") = "Konstanter", "Konstanter\Konstanter.csproj", "{E7CE53A0-79E4-4F76-B971-3AB03F16752C}"
EndProject
Project("{9A19103F-16F7-4668-BE54-9A1E7A4F7556}") = "Metoder", "Metoder\Metoder.csproj", "{2B319672-175A-44DB-9F80-ADBB354CA4FA}"
EndProject
Project("{9A19103F-16F7-4668-BE54-9A1E7A4F7556}") = "FejlDemo", "FejlDemo\FejlDemo.csproj", "{13A30B8F-AC3A-48AB-8910-2739C2ED4C3C}"
EndProject
Project("{9A19103F-16F7-4668-BE54-9A1E7A4F7556}") = "ArrayDemo", "ArrayDemo\ArrayDemo.csproj", "{4A7524DE-3FCC-433F-924F-36872E5B8C33}"
EndProject
Project("{9A19103F-16F7-4668-BE54-9A1E7A4F7556}") = "ArgsDemo", "ArgsDemo\ArgsDemo.csproj", "{1D817841-A675-4C76-8D67-3A00AEB273C1}"
EndProject
Project("{9A19103F-16F7-4668-BE54-9A1E7A4F7556}") = "ListerDemo", "ListerDemo\ListerDemo.csproj", "{D22B7566-A936-4550-A2E2-3EE071E7C1A7}"
EndProject
Project("{9A19103F-16F7-4668-BE54-9A1E7A4F7556}") = "Klasser", "Klasser\Klasser.csproj", "{44BD39ED-2272-4AA6-8966-A69275649ECD}"
EndProject
Project("{9A19103F-16F7-4668-BE54-9A1E7A4F7556}") = "IndkasplingDemo", "IndkasplingDemo\IndkasplingDemo.csproj", "{681B0ADA-0D40-458C-A87F-9587B66EB2BC}"
EndProject
Project("{FAE04EC0-301F-11D3-BF4B-00C04F79EFBC}") = "WinFormDemo", "WinFormDemo\WinFormDemo.csproj", "{1D3D42CB-86A5-4E0F-801F-CC9C61F52AA5}"
EndProject
Project("{FAE04EC0-301F-11D3-BF4B-00C04F79EFBC}") = "Terning", "Terning\Terning.csproj", "{9BF96F8D-C833-4495-93A6-415BFC6745B3}"
EndProject
Project("{FAE04EC0-301F-11D3-BF4B-00C04F79EFBC}") = "Nedarvning", "Nedarvning\Nedarvning.csproj", "{3B14DDBD-0758-47C3-84DB-D4E638D28C29}"
EndProject
Project("{FAE04EC0-301F-11D3-BF4B-00C04F79EFBC}") = "Poly1", "Poly1\Poly1.csproj", "{1418C355-A063-4EDB-9C91-D1B93D690EEA}"
EndProject
Project("{FAE04EC0-301F-11D3-BF4B-00C04F79EFBC}") = "AbstraktDemo", "AbstraktDemo\AbstraktDemo.csproj", "{5608B0D6-983E-48D6-9F8A-F8BA2C5A1908}"
EndProject
Project("{FAE04EC0-301F-11D3-BF4B-00C04F79EFBC}") = "Poly2", "Poly2\Poly2.csproj", "{C705E439-092F-4D03-81F2-D11C0E2ED6EC}"
EndProject
Global
	GlobalSection(SolutionConfigurationPlatforms) = preSolution
		Debug|Any CPU = Debug|Any CPU
		Release|Any CPU = Release|Any CPU
	EndGlobalSection
	GlobalSection(ProjectConfigurationPlatforms) = postSolution
		{90211868-BE00-4ECA-9AB9-8B7033CABCED}.Debug|Any CPU.ActiveCfg = Debug|Any CPU
		{90211868-BE00-4ECA-9AB9-8B7033CABCED}.Debug|Any CPU.Build.0 = Debug|Any CPU
		{90211868-BE00-4ECA-9AB9-8B7033CABCED}.Release|Any CPU.ActiveCfg = Release|Any CPU
		{90211868-BE00-4ECA-9AB9-8B7033CABCED}.Release|Any CPU.Build.0 = Release|Any CPU
		{52F20FEB-4963-43A8-8808-C2A00CC92CD1}.Debug|Any CPU.ActiveCfg = Debug|Any CPU
		{52F20FEB-4963-43A8-8808-C2A00CC92CD1}.Debug|Any CPU.Build.0 = Debug|Any CPU
		{52F20FEB-4963-43A8-8808-C2A00CC92CD1}.Release|Any CPU.ActiveCfg = Release|Any CPU
		{52F20FEB-4963-43A8-8808-C2A00CC92CD1}.Release|Any CPU.Build.0 = Release|Any CPU
		{81EDB4DA-EFB6-4EED-BAF7-4A3CED7E5A19}.Debug|Any CPU.ActiveCfg = Debug|Any CPU
		{81EDB4DA-EFB6-4EED-BAF7-4A3CED7E5A19}.Debug|Any CPU.Build.0 = Debug|Any CPU
		{81EDB4DA-EFB6-4EED-BAF7-4A3CED7E5A19}.Release|Any CPU.ActiveCfg = Release|Any CPU
		{81EDB4DA-EFB6-4EED-BAF7-4A3CED7E5A19}.Release|Any CPU.Build.0 = Release|Any CPU
		{0DA8EB78-2E34-4A81-A41C-2C7E9FEF63FF}.Debug|Any CPU.ActiveCfg = Debug|Any CPU
		{0DA8EB78-2E34-4A81-A41C-2C7E9FEF63FF}.Debug|Any CPU.Build.0 = Debug|Any CPU
		{0DA8EB78-2E34-4A81-A41C-2C7E9FEF63FF}.Release|Any CPU.ActiveCfg = Release|Any CPU
		{0DA8EB78-2E34-4A81-A41C-2C7E9FEF63FF}.Release|Any CPU.Build.0 = Release|Any CPU
		{E7CE53A0-79E4-4F76-B971-3AB03F16752C}.Debug|Any CPU.ActiveCfg = Debug|Any CPU
		{E7CE53A0-79E4-4F76-B971-3AB03F16752C}.Debug|Any CPU.Build.0 = Debug|Any CPU
		{E7CE53A0-79E4-4F76-B971-3AB03F16752C}.Release|Any CPU.ActiveCfg = Release|Any CPU
		{E7CE53A0-79E4-4F76-B971-3AB03F16752C}.Release|Any CPU.Build.0 = Release|Any CPU
		{2B319672-175A-44DB-9F80-ADBB354CA4FA}.Debug|Any CPU.ActiveCfg = Debug|Any CPU
		{2B319672-175A-44DB-9F80-ADBB354CA4FA}.Debug|Any CPU.Build.0 = Debug|Any CPU
		{2B319672-175A-44DB-9F80-ADBB354CA4FA}.Release|Any CPU.ActiveCfg = Release|Any CPU
		{2B319672-175A-44DB-9F80-ADBB354CA4FA}.Release|Any CPU.Build.0 = Release|Any CPU
		{13A30B8F-AC3A-48AB-8910-2739C2ED4C3C}.Debug|Any CPU.ActiveCfg = Debug|Any CPU
		{13A30B8F-AC3A-48AB-8910-2739C2ED4C3C}.Debug|Any CPU.Build.0 = Debug|Any CPU
		{13A30B8F-AC3A-48AB-8910-2739C2ED4C3C}.Release|Any CPU.ActiveCfg = Release|Any CPU
		{13A30B8F-AC3A-48AB-8910-2739C2ED4C3C}.Release|Any CPU.Build.0 = Release|Any CPU
		{4A7524DE-3FCC-433F-924F-36872E5B8C33}.Debug|Any CPU.ActiveCfg = Debug|Any CPU
		{4A7524DE-3FCC-433F-924F-36872E5B8C33}.Debug|Any CPU.Build.0 = Debug|Any CPU
		{4A7524DE-3FCC-433F-924F-36872E5B8C33}.Release|Any CPU.ActiveCfg = Release|Any CPU
		{4A7524DE-3FCC-433F-924F-36872E5B8C33}.Release|Any CPU.Build.0 = Release|Any CPU
		{1D817841-A675-4C76-8D67-3A00AEB273C1}.Debug|Any CPU.ActiveCfg = Debug|Any CPU
		{1D817841-A675-4C76-8D67-3A00AEB273C1}.Debug|Any CPU.Build.0 = Debug|Any CPU
		{1D817841-A675-4C76-8D67-3A00AEB273C1}.Release|Any CPU.ActiveCfg = Release|Any CPU
		{1D817841-A675-4C76-8D67-3A00AEB273C1}.Release|Any CPU.Build.0 = Release|Any CPU
		{D22B7566-A936-4550-A2E2-3EE071E7C1A7}.Debug|Any CPU.ActiveCfg = Debug|Any CPU
		{D22B7566-A936-4550-A2E2-3EE071E7C1A7}.Debug|Any CPU.Build.0 = Debug|Any CPU
		{D22B7566-A936-4550-A2E2-3EE071E7C1A7}.Release|Any CPU.ActiveCfg = Release|Any CPU
		{D22B7566-A936-4550-A2E2-3EE071E7C1A7}.Release|Any CPU.Build.0 = Release|Any CPU
		{44BD39ED-2272-4AA6-8966-A69275649ECD}.Debug|Any CPU.ActiveCfg = Debug|Any CPU
		{44BD39ED-2272-4AA6-8966-A69275649ECD}.Debug|Any CPU.Build.0 = Debug|Any CPU
		{44BD39ED-2272-4AA6-8966-A69275649ECD}.Release|Any CPU.ActiveCfg = Release|Any CPU
		{44BD39ED-2272-4AA6-8966-A69275649ECD}.Release|Any CPU.Build.0 = Release|Any CPU
		{681B0ADA-0D40-458C-A87F-9587B66EB2BC}.Debug|Any CPU.ActiveCfg = Debug|Any CPU
		{681B0ADA-0D40-458C-A87F-9587B66EB2BC}.Debug|Any CPU.Build.0 = Debug|Any CPU
		{681B0ADA-0D40-458C-A87F-9587B66EB2BC}.Release|Any CPU.ActiveCfg = Release|Any CPU
		{681B0ADA-0D40-458C-A87F-9587B66EB2BC}.Release|Any CPU.Build.0 = Release|Any CPU
		{1D3D42CB-86A5-4E0F-801F-CC9C61F52AA5}.Debug|Any CPU.ActiveCfg = Debug|Any CPU
		{1D3D42CB-86A5-4E0F-801F-CC9C61F52AA5}.Debug|Any CPU.Build.0 = Debug|Any CPU
		{1D3D42CB-86A5-4E0F-801F-CC9C61F52AA5}.Release|Any CPU.ActiveCfg = Release|Any CPU
		{1D3D42CB-86A5-4E0F-801F-CC9C61F52AA5}.Release|Any CPU.Build.0 = Release|Any CPU
		{9BF96F8D-C833-4495-93A6-415BFC6745B3}.Debug|Any CPU.ActiveCfg = Debug|Any CPU
		{9BF96F8D-C833-4495-93A6-415BFC6745B3}.Debug|Any CPU.Build.0 = Debug|Any CPU
		{9BF96F8D-C833-4495-93A6-415BFC6745B3}.Release|Any CPU.ActiveCfg = Release|Any CPU
		{9BF96F8D-C833-4495-93A6-415BFC6745B3}.Release|Any CPU.Build.0 = Release|Any CPU
		{3B14DDBD-0758-47C3-84DB-D4E638D28C29}.Debug|Any CPU.ActiveCfg = Debug|Any CPU
		{3B14DDBD-0758-47C3-84DB-D4E638D28C29}.Debug|Any CPU.Build.0 = Debug|Any CPU
		{3B14DDBD-0758-47C3-84DB-D4E638D28C29}.Release|Any CPU.ActiveCfg = Release|Any CPU
		{3B14DDBD-0758-47C3-84DB-D4E638D28C29}.Release|Any CPU.Build.0 = Release|Any CPU
		{1418C355-A063-4EDB-9C91-D1B93D690EEA}.Debug|Any CPU.ActiveCfg = Debug|Any CPU
		{1418C355-A063-4EDB-9C91-D1B93D690EEA}.Debug|Any CPU.Build.0 = Debug|Any CPU
		{1418C355-A063-4EDB-9C91-D1B93D690EEA}.Release|Any CPU.ActiveCfg = Release|Any CPU
		{1418C355-A063-4EDB-9C91-D1B93D690EEA}.Release|Any CPU.Build.0 = Release|Any CPU
		{5608B0D6-983E-48D6-9F8A-F8BA2C5A1908}.Debug|Any CPU.ActiveCfg = Debug|Any CPU
		{5608B0D6-983E-48D6-9F8A-F8BA2C5A1908}.Debug|Any CPU.Build.0 = Debug|Any CPU
		{5608B0D6-983E-48D6-9F8A-F8BA2C5A1908}.Release|Any CPU.ActiveCfg = Release|Any CPU
		{5608B0D6-983E-48D6-9F8A-F8BA2C5A1908}.Release|Any CPU.Build.0 = Release|Any CPU
		{C705E439-092F-4D03-81F2-D11C0E2ED6EC}.Debug|Any CPU.ActiveCfg = Debug|Any CPU
		{C705E439-092F-4D03-81F2-D11C0E2ED6EC}.Debug|Any CPU.Build.0 = Debug|Any CPU
		{C705E439-092F-4D03-81F2-D11C0E2ED6EC}.Release|Any CPU.ActiveCfg = Release|Any CPU
		{C705E439-092F-4D03-81F2-D11C0E2ED6EC}.Release|Any CPU.Build.0 = Release|Any CPU
	EndGlobalSection
	GlobalSection(SolutionProperties) = preSolution
		HideSolutionNode = FALSE
	EndGlobalSection
	GlobalSection(ExtensibilityGlobals) = postSolution
		SolutionGuid = {6D81D1DA-8956-4BDC-B2A4-3E5979250E4E}
	EndGlobalSection
EndGlobal
